
Microsoft Visual Studio Solution File, Format Version 12.00
# Visual Studio Version 17
VisualStudioVersion = 17.11.35219.272
MinimumVisualStudioVersion = 10.0.40219.1
Project("{9A19103F-16F7-4668-BE54-9A1E7A4F7556}") = "ProgramDesigner.API", "ProgramDesigner.API\ProgramDesigner.API.csproj", "{57C4CB1F-326C-46A2-829F-B230B81E4A77}"
EndProject
Project("{9A19103F-16F7-4668-BE54-9A1E7A4F7556}") = "ProgramDesigner.Application", "ProgramDesigner.Application\ProgramDesigner.Application.csproj", "{701DA01A-4C2B-4579-B7AA-3DCE75EF6074}"
EndProject
Project("{9A19103F-16F7-4668-BE54-9A1E7A4F7556}") = "ProgramDesigner.Domain", "ProgramDesigner.Domain\ProgramDesigner.Domain.csproj", "{089CB516-CA91-41A2-ABA8-75C7DB8E492A}"
EndProject
Project("{9A19103F-16F7-4668-BE54-9A1E7A4F7556}") = "ProgramDesigner.Infrastructure", "ProgramDesigner.Infrastructure\ProgramDesigner.Infrastructure.csproj", "{BF4EF57D-6EAA-4762-923E-EB8FF3EB002F}"
EndProject
Project("{FAE04EC0-301F-11D3-BF4B-00C04F79EFBC}") = "ProgramDesigner.Tests", "ProgramDesigner.Tests\ProgramDesigner.Tests.csproj", "{9FE8F7AF-6FC5-4991-8084-6C77B0253C1C}"
EndProject
Global
	GlobalSection(SolutionConfigurationPlatforms) = preSolution
		Debug|Any CPU = Debug|Any CPU
		Release|Any CPU = Release|Any CPU
	EndGlobalSection
	GlobalSection(ProjectConfigurationPlatforms) = postSolution
		{57C4CB1F-326C-46A2-829F-B230B81E4A77}.Debug|Any CPU.ActiveCfg = Debug|Any CPU
		{57C4CB1F-326C-46A2-829F-B230B81E4A77}.Debug|Any CPU.Build.0 = Debug|Any CPU
		{57C4CB1F-326C-46A2-829F-B230B81E4A77}.Release|Any CPU.ActiveCfg = Release|Any CPU
		{57C4CB1F-326C-46A2-829F-B230B81E4A77}.Release|Any CPU.Build.0 = Release|Any CPU
		{701DA01A-4C2B-4579-B7AA-3DCE75EF6074}.Debug|Any CPU.ActiveCfg = Debug|Any CPU
		{701DA01A-4C2B-4579-B7AA-3DCE75EF6074}.Debug|Any CPU.Build.0 = Debug|Any CPU
		{701DA01A-4C2B-4579-B7AA-3DCE75EF6074}.Release|Any CPU.ActiveCfg = Release|Any CPU
		{701DA01A-4C2B-4579-B7AA-3DCE75EF6074}.Release|Any CPU.Build.0 = Release|Any CPU
		{089CB516-CA91-41A2-ABA8-75C7DB8E492A}.Debug|Any CPU.ActiveCfg = Debug|Any CPU
		{089CB516-CA91-41A2-ABA8-75C7DB8E492A}.Debug|Any CPU.Build.0 = Debug|Any CPU
		{089CB516-CA91-41A2-ABA8-75C7DB8E492A}.Release|Any CPU.ActiveCfg = Release|Any CPU
		{089CB516-CA91-41A2-ABA8-75C7DB8E492A}.Release|Any CPU.Build.0 = Release|Any CPU
		{BF4EF57D-6EAA-4762-923E-EB8FF3EB002F}.Debug|Any CPU.ActiveCfg = Debug|Any CPU
		{BF4EF57D-6EAA-4762-923E-EB8FF3EB002F}.Debug|Any CPU.Build.0 = Debug|Any CPU
		{BF4EF57D-6EAA-4762-923E-EB8FF3EB002F}.Release|Any CPU.ActiveCfg = Release|Any CPU
		{BF4EF57D-6EAA-4762-923E-EB8FF3EB002F}.Release|Any CPU.Build.0 = Release|Any CPU
		{9FE8F7AF-6FC5-4991-8084-6C77B0253C1C}.Debug|Any CPU.ActiveCfg = Debug|Any CPU
		{9FE8F7AF-6FC5-4991-8084-6C77B0253C1C}.Debug|Any CPU.Build.0 = Debug|Any CPU
		{9FE8F7AF-6FC5-4991-8084-6C77B0253C1C}.Release|Any CPU.ActiveCfg = Release|Any CPU
		{9FE8F7AF-6FC5-4991-8084-6C77B0253C1C}.Release|Any CPU.Build.0 = Release|Any CPU
	EndGlobalSection
	GlobalSection(SolutionProperties) = preSolution
		HideSolutionNode = FALSE
	EndGlobalSection
	GlobalSection(ExtensibilityGlobals) = postSolution
		SolutionGuid = {28BD36A0-C25F-4E79-86AB-B83319E8324A}
	EndGlobalSection
EndGlobal
